
Microsoft Visual Studio Solution File, Format Version 12.00
# Visual Studio Version 17
VisualStudioVersion = 17.6.33815.320
MinimumVisualStudioVersion = 10.0.40219.1
Project("{9A19103F-16F7-4668-BE54-9A1E7A4F7556}") = "DalTest", "DalTest\DalTest.csproj", "{33C89AD0-26F4-4B1B-A685-B31A8540097F}"
EndProject
Project("{9A19103F-16F7-4668-BE54-9A1E7A4F7556}") = "DalList", "DalList\DalList.csproj", "{ADEA7D3E-81C5-4882-BB7E-8AF9CD47270B}"
EndProject
Project("{9A19103F-16F7-4668-BE54-9A1E7A4F7556}") = "DalFacade", "DalFacade\DalFacade.csproj", "{E3FA0018-4FBC-41AC-B1C1-69F09959928B}"
EndProject
Project("{9A19103F-16F7-4668-BE54-9A1E7A4F7556}") = "Tools", "Tools\Tools.csproj", "{1F371C0A-B760-4340-AFD8-858FD43797ED}"
EndProject
Project("{2150E333-8FDC-42A3-9474-1A3956D46DE8}") = "xml", "xml", "{20850B09-1542-41B0-8195-E5CCC842FACD}"
	ProjectSection(SolutionItems) = preProject
		xml\customers.xml = xml\customers.xml
		xml\dal-config.xml = xml\dal-config.xml
		xml\data-config.xml = xml\data-config.xml
		xml\products.xml = xml\products.xml
		xml\sales.xml = xml\sales.xml
	EndProjectSection
EndProject
Project("{9A19103F-16F7-4668-BE54-9A1E7A4F7556}") = "BL", "BL\BL.csproj", "{E1396BDA-19D5-448A-AF67-36BCDA8D4988}"
EndProject
Project("{9A19103F-16F7-4668-BE54-9A1E7A4F7556}") = "BlTest", "BlTest\BlTest.csproj", "{4737BAE4-A2F6-4FAC-9EC5-9378FE3ADF99}"
EndProject
Project("{9A19103F-16F7-4668-BE54-9A1E7A4F7556}") = "DalXml", "DalXml\DalXml.csproj", "{FFEB871C-D5E6-41A4-BE8C-D2D61F697977}"
EndProject
Project("{FAE04EC0-301F-11D3-BF4B-00C04F79EFBC}") = "UI", "UI\UI.csproj", "{44F32AFA-722B-405F-B36A-D4676AC6E1F5}"
EndProject
Global
	GlobalSection(SolutionConfigurationPlatforms) = preSolution
		Debug|Any CPU = Debug|Any CPU
		Release|Any CPU = Release|Any CPU
	EndGlobalSection
	GlobalSection(ProjectConfigurationPlatforms) = postSolution
		{33C89AD0-26F4-4B1B-A685-B31A8540097F}.Debug|Any CPU.ActiveCfg = Debug|Any CPU
		{33C89AD0-26F4-4B1B-A685-B31A8540097F}.Debug|Any CPU.Build.0 = Debug|Any CPU
		{33C89AD0-26F4-4B1B-A685-B31A8540097F}.Release|Any CPU.ActiveCfg = Release|Any CPU
		{33C89AD0-26F4-4B1B-A685-B31A8540097F}.Release|Any CPU.Build.0 = Release|Any CPU
		{ADEA7D3E-81C5-4882-BB7E-8AF9CD47270B}.Debug|Any CPU.ActiveCfg = Debug|Any CPU
		{ADEA7D3E-81C5-4882-BB7E-8AF9CD47270B}.Debug|Any CPU.Build.0 = Debug|Any CPU
		{ADEA7D3E-81C5-4882-BB7E-8AF9CD47270B}.Release|Any CPU.ActiveCfg = Release|Any CPU
		{ADEA7D3E-81C5-4882-BB7E-8AF9CD47270B}.Release|Any CPU.Build.0 = Release|Any CPU
		{E3FA0018-4FBC-41AC-B1C1-69F09959928B}.Debug|Any CPU.ActiveCfg = Debug|Any CPU
		{E3FA0018-4FBC-41AC-B1C1-69F09959928B}.Debug|Any CPU.Build.0 = Debug|Any CPU
		{E3FA0018-4FBC-41AC-B1C1-69F09959928B}.Release|Any CPU.ActiveCfg = Release|Any CPU
		{E3FA0018-4FBC-41AC-B1C1-69F09959928B}.Release|Any CPU.Build.0 = Release|Any CPU
		{1F371C0A-B760-4340-AFD8-858FD43797ED}.Debug|Any CPU.ActiveCfg = Debug|Any CPU
		{1F371C0A-B760-4340-AFD8-858FD43797ED}.Debug|Any CPU.Build.0 = Debug|Any CPU
		{1F371C0A-B760-4340-AFD8-858FD43797ED}.Release|Any CPU.ActiveCfg = Release|Any CPU
		{1F371C0A-B760-4340-AFD8-858FD43797ED}.Release|Any CPU.Build.0 = Release|Any CPU
		{E1396BDA-19D5-448A-AF67-36BCDA8D4988}.Debug|Any CPU.ActiveCfg = Debug|Any CPU
		{E1396BDA-19D5-448A-AF67-36BCDA8D4988}.Debug|Any CPU.Build.0 = Debug|Any CPU
		{E1396BDA-19D5-448A-AF67-36BCDA8D4988}.Release|Any CPU.ActiveCfg = Release|Any CPU
		{E1396BDA-19D5-448A-AF67-36BCDA8D4988}.Release|Any CPU.Build.0 = Release|Any CPU
		{4737BAE4-A2F6-4FAC-9EC5-9378FE3ADF99}.Debug|Any CPU.ActiveCfg = Debug|Any CPU
		{4737BAE4-A2F6-4FAC-9EC5-9378FE3ADF99}.Debug|Any CPU.Build.0 = Debug|Any CPU
		{4737BAE4-A2F6-4FAC-9EC5-9378FE3ADF99}.Release|Any CPU.ActiveCfg = Release|Any CPU
		{4737BAE4-A2F6-4FAC-9EC5-9378FE3ADF99}.Release|Any CPU.Build.0 = Release|Any CPU
		{FFEB871C-D5E6-41A4-BE8C-D2D61F697977}.Debug|Any CPU.ActiveCfg = Debug|Any CPU
		{FFEB871C-D5E6-41A4-BE8C-D2D61F697977}.Debug|Any CPU.Build.0 = Debug|Any CPU
		{FFEB871C-D5E6-41A4-BE8C-D2D61F697977}.Release|Any CPU.ActiveCfg = Release|Any CPU
		{FFEB871C-D5E6-41A4-BE8C-D2D61F697977}.Release|Any CPU.Build.0 = Release|Any CPU
		{44F32AFA-722B-405F-B36A-D4676AC6E1F5}.Debug|Any CPU.ActiveCfg = Debug|Any CPU
		{44F32AFA-722B-405F-B36A-D4676AC6E1F5}.Debug|Any CPU.Build.0 = Debug|Any CPU
		{44F32AFA-722B-405F-B36A-D4676AC6E1F5}.Release|Any CPU.ActiveCfg = Release|Any CPU
		{44F32AFA-722B-405F-B36A-D4676AC6E1F5}.Release|Any CPU.Build.0 = Release|Any CPU
	EndGlobalSection
	GlobalSection(SolutionProperties) = preSolution
		HideSolutionNode = FALSE
	EndGlobalSection
	GlobalSection(ExtensibilityGlobals) = postSolution
		SolutionGuid = {37DF154E-3795-40EC-9467-CD7B7123BC5A}
	EndGlobalSection
EndGlobal
